
Microsoft Visual Studio Solution File, Format Version 12.00
# Visual Studio Version 17
VisualStudioVersion = 17.3.32721.290
MinimumVisualStudioVersion = 10.0.40219.1
Project("{9A19103F-16F7-4668-BE54-9A1E7A4F7556}") = "ManageYourInsurance.Server", "ManageYourInsurance\Server\ManageYourInsurance.Server.csproj", "{F678926C-08FC-4AEC-9529-A9266B6F2C52}"
EndProject
Project("{9A19103F-16F7-4668-BE54-9A1E7A4F7556}") = "ManageYourInsurance.Client", "ManageYourInsurance\Client\ManageYourInsurance.Client.csproj", "{CADBDDDB-786D-446A-A020-56DE4408F915}"
EndProject
Project("{9A19103F-16F7-4668-BE54-9A1E7A4F7556}") = "ManageYourInsurance.Shared", "ManageYourInsurance\Shared\ManageYourInsurance.Shared.csproj", "{89EE8097-02E3-4473-99E3-8780AFFB397C}"
EndProject
Global
	GlobalSection(SolutionConfigurationPlatforms) = preSolution
		Debug|Any CPU = Debug|Any CPU
		Release|Any CPU = Release|Any CPU
	EndGlobalSection
	GlobalSection(ProjectConfigurationPlatforms) = postSolution
		{F678926C-08FC-4AEC-9529-A9266B6F2C52}.Debug|Any CPU.ActiveCfg = Debug|Any CPU
		{F678926C-08FC-4AEC-9529-A9266B6F2C52}.Debug|Any CPU.Build.0 = Debug|Any CPU
		{F678926C-08FC-4AEC-9529-A9266B6F2C52}.Release|Any CPU.ActiveCfg = Release|Any CPU
		{F678926C-08FC-4AEC-9529-A9266B6F2C52}.Release|Any CPU.Build.0 = Release|Any CPU
		{CADBDDDB-786D-446A-A020-56DE4408F915}.Debug|Any CPU.ActiveCfg = Debug|Any CPU
		{CADBDDDB-786D-446A-A020-56DE4408F915}.Debug|Any CPU.Build.0 = Debug|Any CPU
		{CADBDDDB-786D-446A-A020-56DE4408F915}.Release|Any CPU.ActiveCfg = Release|Any CPU
		{CADBDDDB-786D-446A-A020-56DE4408F915}.Release|Any CPU.Build.0 = Release|Any CPU
		{89EE8097-02E3-4473-99E3-8780AFFB397C}.Debug|Any CPU.ActiveCfg = Debug|Any CPU
		{89EE8097-02E3-4473-99E3-8780AFFB397C}.Debug|Any CPU.Build.0 = Debug|Any CPU
		{89EE8097-02E3-4473-99E3-8780AFFB397C}.Release|Any CPU.ActiveCfg = Release|Any CPU
		{89EE8097-02E3-4473-99E3-8780AFFB397C}.Release|Any CPU.Build.0 = Release|Any CPU
	EndGlobalSection
	GlobalSection(SolutionProperties) = preSolution
		HideSolutionNode = FALSE
	EndGlobalSection
	GlobalSection(ExtensibilityGlobals) = postSolution
		SolutionGuid = {A18B6A64-E9D4-47C2-867D-8D2366A602EF}
	EndGlobalSection
EndGlobal
